%{
  "benchee": {:hex, :benchee, "1.0.1", "66b211f9bfd84bd97e6d1beaddf8fc2312aaabe192f776e8931cb0c16f53a521", [:mix], [{:deep_merge, "~> 1.0", [hex: :deep_merge, repo: "hexpm", optional: false]}], "hexpm"},
  "deep_merge": {:hex, :deep_merge, "1.0.0", "b4aa1a0d1acac393bdf38b2291af38cb1d4a52806cf7a4906f718e1feb5ee961", [:mix], [], "hexpm"},
  "delta_crdt": {:git, "https://github.com/derekkraan/delta_crdt_ex.git", "e6812adafbb90f0269902794d239f352b18d07a5", [branch: "on_diffs_mfa"]},
  "dialyxir": {:hex, :dialyxir, "1.0.0-rc.6", "78e97d9c0ff1b5521dd68041193891aebebce52fc3b93463c0a6806874557d7d", [:mix], [{:erlex, "~> 0.2.1", [hex: :erlex, repo: "hexpm", optional: false]}], "hexpm"},
  "earmark": {:hex, :earmark, "1.3.2", "b840562ea3d67795ffbb5bd88940b1bed0ed9fa32834915125ea7d02e35888a5", [:mix], [], "hexpm"},
  "erlex": {:hex, :erlex, "0.2.4", "23791959df45fe8f01f388c6f7eb733cc361668cbeedd801bf491c55a029917b", [:mix], [], "hexpm"},
  "ex_doc": {:hex, :ex_doc, "0.20.2", "1bd0dfb0304bade58beb77f20f21ee3558cc3c753743ae0ddbb0fd7ba2912331", [:mix], [{:earmark, "~> 1.3", [hex: :earmark, repo: "hexpm", optional: false]}, {:makeup_elixir, "~> 0.10", [hex: :makeup_elixir, repo: "hexpm", optional: false]}], "hexpm"},
  "global_flags": {:hex, :global_flags, "1.0.0", "ee6b864979a1fb38d1fbc67838565644baf632212bce864adca21042df036433", [:rebar3], [], "hexpm"},
  "libring": {:hex, :libring, "1.4.0", "41246ba2f3fbc76b3971f6bce83119dfec1eee17e977a48d8a9cfaaf58c2a8d6", [:mix], [], "hexpm"},
  "local_cluster": {:hex, :local_cluster, "1.0.4", "3cabf9b267cf276752ee6ceccdbe3a05a2125da1b93c5bb74b586ae4539ebd66", [:mix], [{:global_flags, "~> 1.0", [hex: :global_flags, repo: "hexpm", optional: false]}], "hexpm"},
  "makeup": {:hex, :makeup, "0.8.0", "9cf32aea71c7fe0a4b2e9246c2c4978f9070257e5c9ce6d4a28ec450a839b55f", [:mix], [{:nimble_parsec, "~> 0.5.0", [hex: :nimble_parsec, repo: "hexpm", optional: false]}], "hexpm"},
  "makeup_elixir": {:hex, :makeup_elixir, "0.13.0", "be7a477997dcac2e48a9d695ec730b2d22418292675c75aa2d34ba0909dcdeda", [:mix], [{:makeup, "~> 0.8", [hex: :makeup, repo: "hexpm", optional: false]}], "hexpm"},
  "merkle_map": {:hex, :merkle_map, "0.2.0", "5391ac61e016ce4aeb66ce39f05206a382fd4b66ee4b63c08a261d5633eadd76", [:mix], [], "hexpm"},
  "murmur": {:hex, :murmur, "1.0.1", "a6e6bced2dd0d666090a9cf3e73699f3b9176bbcf32d35b0f022f137667608e3", [:mix], [], "hexpm"},
  "nimble_parsec": {:hex, :nimble_parsec, "0.5.0", "90e2eca3d0266e5c53f8fbe0079694740b9c91b6747f2b7e3c5d21966bba8300", [:mix], [], "hexpm"},
  "schism": {:hex, :schism, "1.0.1", "b700883b4023b06faa5ab4add3aba5706877feb0a3dcfe8127b5dfeefe2513a5", [:mix], [], "hexpm"},
  "stream_data": {:hex, :stream_data, "0.4.3", "62aafd870caff0849a5057a7ec270fad0eb86889f4d433b937d996de99e3db25", [:mix], [], "hexpm"},
  "telemetry": {:hex, :telemetry, "0.4.0", "8339bee3fa8b91cb84d14c2935f8ecf399ccd87301ad6da6b71c09553834b2ab", [:rebar3], [], "hexpm"},
  "telemetry_poller": {:hex, :telemetry_poller, "0.4.0", "da64dea54b77604023e8d15dc61a5df8968f4c9e013eba561bfb2bc614b15432", [:rebar3], [], "hexpm"},
}
