%{
  "delta_crdt": {:hex, :delta_crdt, "0.5.5", "5350b56714c0a72921fd9b88c9d29c49952804d1546e6b5e81ffdf201f44f326", [:mix], [{:merkle_map, "~> 0.2.0", [hex: :merkle_map, repo: "hexpm", optional: false]}, {:murmur, "~> 1.0", [hex: :murmur, repo: "hexpm", optional: false]}, {:telemetry, "~> 0.4.0", [hex: :telemetry, repo: "hexpm", optional: false]}], "hexpm"},
  "horde": {:git, "https://github.com/derekkraan/horde.git", "8822a432f4c3528f904bd62ddbb1bcc242658c93", [branch: "fix_start_children"]},
  "jason": {:hex, :jason, "1.1.2", "b03dedea67a99223a2eaf9f1264ce37154564de899fd3d8b9a21b1a6fd64afe7", [:mix], [{:decimal, "~> 1.0", [hex: :decimal, repo: "hexpm", optional: true]}], "hexpm"},
  "libcluster": {:hex, :libcluster, "3.0.3", "492e98c7f5c9a6e95b8d51f0b198cf8eab60af3b490f40b958d4bc326d11e40e", [:mix], [{:jason, "~> 1.0", [hex: :jason, repo: "hexpm", optional: false]}], "hexpm"},
  "libring": {:hex, :libring, "1.4.0", "41246ba2f3fbc76b3971f6bce83119dfec1eee17e977a48d8a9cfaaf58c2a8d6", [:mix], [], "hexpm"},
  "merkle_map": {:hex, :merkle_map, "0.2.0", "5391ac61e016ce4aeb66ce39f05206a382fd4b66ee4b63c08a261d5633eadd76", [:mix], [], "hexpm"},
  "murmur": {:hex, :murmur, "1.0.1", "a6e6bced2dd0d666090a9cf3e73699f3b9176bbcf32d35b0f022f137667608e3", [:mix], [], "hexpm"},
  "telemetry": {:hex, :telemetry, "0.4.0", "8339bee3fa8b91cb84d14c2935f8ecf399ccd87301ad6da6b71c09553834b2ab", [:rebar3], [], "hexpm"},
  "telemetry_poller": {:hex, :telemetry_poller, "0.4.0", "da64dea54b77604023e8d15dc61a5df8968f4c9e013eba561bfb2bc614b15432", [:rebar3], [], "hexpm"},
  "xxhash": {:hex, :xxhash, "0.2.1", "ab0893a8124f3c11116c57e500485dc5f67817d1d4c44f0fff41f3fd3c590607", [:mix], [], "hexpm"},
}
