%{
  "delta_crdt": {:hex, :delta_crdt, "0.4.2", "a5ee6a12f5f3d1a2c890208d8ece494747c09259e4cc8b859eb9d30a174ef417", [:mix], [], "hexpm"},
  "horde": {:git, "https://github.com/derekkraan/horde.git", "8822a432f4c3528f904bd62ddbb1bcc242658c93", [branch: "fix_start_children"]},
  "jason": {:hex, :jason, "1.1.2", "b03dedea67a99223a2eaf9f1264ce37154564de899fd3d8b9a21b1a6fd64afe7", [:mix], [{:decimal, "~> 1.0", [hex: :decimal, repo: "hexpm", optional: true]}], "hexpm"},
  "libcluster": {:hex, :libcluster, "3.0.3", "492e98c7f5c9a6e95b8d51f0b198cf8eab60af3b490f40b958d4bc326d11e40e", [:mix], [{:jason, "~> 1.0", [hex: :jason, repo: "hexpm", optional: false]}], "hexpm"},
  "xxhash": {:hex, :xxhash, "0.2.1", "ab0893a8124f3c11116c57e500485dc5f67817d1d4c44f0fff41f3fd3c590607", [:mix], [], "hexpm"},
}
